
Microsoft Visual Studio Solution File, Format Version 12.00
# Visual Studio Version 16
VisualStudioVersion = 16.0.32228.343
MinimumVisualStudioVersion = 10.0.40219.1
Project("{FAE04EC0-301F-11D3-BF4B-00C04F79EFBC}") = "ExpenseTracker", "ExpenseTracker.csproj", "{B176BD03-7570-4DA6-9113-C5F3225ECD71}"
EndProject
Global
	GlobalSection(SolutionConfigurationPlatforms) = preSolution
		Debug|Any CPU = Debug|Any CPU
		Release|Any CPU = Release|Any CPU
	EndGlobalSection
	GlobalSection(ProjectConfigurationPlatforms) = postSolution
		{B176BD03-7570-4DA6-9113-C5F3225ECD71}.Debug|Any CPU.ActiveCfg = Debug|Any CPU
		{B176BD03-7570-4DA6-9113-C5F3225ECD71}.Debug|Any CPU.Build.0 = Debug|Any CPU
		{B176BD03-7570-4DA6-9113-C5F3225ECD71}.Release|Any CPU.ActiveCfg = Release|Any CPU
		{B176BD03-7570-4DA6-9113-C5F3225ECD71}.Release|Any CPU.Build.0 = Release|Any CPU
	EndGlobalSection
	GlobalSection(SolutionProperties) = preSolution
		HideSolutionNode = FALSE
	EndGlobalSection
	GlobalSection(ExtensibilityGlobals) = postSolution
		SolutionGuid = {EEBCA9C3-78BD-406D-99AE-7321375B2424}
	EndGlobalSection
EndGlobal
